{
  "nodes": {
    "agenix": {
      "inputs": {
        "nixpkgs": [
          "nixpkgs"
        ]
      },
      "locked": {
        "lastModified": 1673301561,
        "narHash": "sha256-gRUWHbBAtMuPDJQXotoI8u6+3DGBIUZHkyQWpIv7WpM=",
        "owner": "ryantm",
        "repo": "agenix",
        "rev": "42d371d861a227149dc9a7e03350c9ab8b8ddd68",
        "type": "github"
      },
      "original": {
        "owner": "ryantm",
        "ref": "main",
        "repo": "agenix",
        "type": "github"
      }
    },
    "home": {
      "inputs": {
        "nixpkgs": [
          "nixpkgs"
        ],
        "utils": "utils"
      },
      "locked": {
        "lastModified": 1672244468,
        "narHash": "sha256-xaZb8AZqoXRCSqPusCk4ouf+fUNP8UJdafmMTF1Ltlw=",
        "owner": "nix-community",
        "repo": "home-manager",
        "rev": "89a8ba0b5b43b3350ff2e3ef37b66736b2ef8706",
        "type": "github"
      },
      "original": {
        "owner": "nix-community",
        "ref": "release-22.11",
        "repo": "home-manager",
        "type": "github"
      }
    },
    "impermanence": {
      "locked": {
        "lastModified": 1668668915,
        "narHash": "sha256-QjY4ZZbs9shwO4LaLpvlU2bO9J1juYhO9NtV3nrbnYQ=",
        "owner": "nix-community",
        "repo": "impermanence",
        "rev": "5df9108b346f8a42021bf99e50de89c9caa251c3",
        "type": "github"
      },
      "original": {
        "owner": "nix-community",
        "ref": "master",
        "repo": "impermanence",
        "type": "github"
      }
    },
    "nixpkgs": {
      "locked": {
        "lastModified": 1674407282,
        "narHash": "sha256-2qwc8mrPINSFdWffPK+ji6nQ9aGnnZyHSItVcYDZDlk=",
        "owner": "nixos",
        "repo": "nixpkgs",
        "rev": "ab1254087f4cdf4af74b552d7fc95175d9bdbb49",
        "type": "github"
      },
      "original": {
        "owner": "nixos",
        "ref": "nixos-22.11",
        "repo": "nixpkgs",
        "type": "github"
      }
    },
    "nixpkgs-unstable": {
      "locked": {
        "lastModified": 1674459583,
        "narHash": "sha256-L0UZl/u2H3HGsrhN+by42c5kNYeKtdmJiPzIRvEVeiM=",
        "owner": "nixos",
        "repo": "nixpkgs",
        "rev": "1b1f50645af2a70dc93eae18bfd88d330bfbcf7f",
        "type": "github"
      },
      "original": {
        "owner": "nixos",
        "ref": "nixos-unstable",
        "repo": "nixpkgs",
        "type": "github"
      }
    },
    "root": {
      "inputs": {
        "agenix": "agenix",
        "home": "home",
        "impermanence": "impermanence",
        "nixpkgs": "nixpkgs",
        "nixpkgs-unstable": "nixpkgs-unstable",
        "spicetify-nix": "spicetify-nix"
      }
    },
    "spicetify-nix": {
      "inputs": {
        "nixpkgs": [
          "nixpkgs"
        ]
      },
      "locked": {
        "lastModified": 1674530093,
        "narHash": "sha256-iOV4gzi/ZXU1wNjsCmwAgi2ziqGWGTXQjJUiWVEkb44=",
        "owner": "the-argus",
        "repo": "spicetify-nix",
        "rev": "f551a7485fc4d6021583fd274f7f040b23799a7e",
        "type": "github"
      },
      "original": {
        "owner": "the-argus",
        "repo": "spicetify-nix",
        "type": "github"
      }
    },
    "utils": {
      "locked": {
        "lastModified": 1667395993,
        "narHash": "sha256-nuEHfE/LcWyuSWnS8t12N1wc105Qtau+/OdUAjtQ0rA=",
        "owner": "numtide",
        "repo": "flake-utils",
        "rev": "5aed5285a952e0b949eb3ba02c12fa4fcfef535f",
        "type": "github"
      },
      "original": {
        "owner": "numtide",
        "repo": "flake-utils",
        "type": "github"
      }
    }
  },
  "root": "root",
  "version": 7
}
